
Microsoft Visual Studio Solution File, Format Version 12.00
# Visual Studio 15
VisualStudioVersion = 15.0.27703.2000
MinimumVisualStudioVersion = 10.0.40219.1
Project("{FAE04EC0-301F-11D3-BF4B-00C04F79EFBC}") = "MGG8.FileSystem", "MGG8.FileSystem\MGG8.FileSystem.csproj", "{066BFE47-3CB2-4B9A-B964-9BDE75618A73}"
EndProject
Project("{FAE04EC0-301F-11D3-BF4B-00C04F79EFBC}") = "MGG8.UI", "MGG8.UI\MGG8.UI.csproj", "{C8F48428-B276-4866-8D6C-7DFCDA39E51E}"
EndProject
Project("{FAE04EC0-301F-11D3-BF4B-00C04F79EFBC}") = "TestFileSystem", "TestFileSystem\TestFileSystem.csproj", "{320AC3D2-EA33-4EDB-9D4C-2983D904A17F}"
EndProject
Global
	GlobalSection(SolutionConfigurationPlatforms) = preSolution
		Debug|Any CPU = Debug|Any CPU
		Release|Any CPU = Release|Any CPU
	EndGlobalSection
	GlobalSection(ProjectConfigurationPlatforms) = postSolution
		{066BFE47-3CB2-4B9A-B964-9BDE75618A73}.Debug|Any CPU.ActiveCfg = Debug|Any CPU
		{066BFE47-3CB2-4B9A-B964-9BDE75618A73}.Debug|Any CPU.Build.0 = Debug|Any CPU
		{066BFE47-3CB2-4B9A-B964-9BDE75618A73}.Release|Any CPU.ActiveCfg = Release|Any CPU
		{066BFE47-3CB2-4B9A-B964-9BDE75618A73}.Release|Any CPU.Build.0 = Release|Any CPU
		{C8F48428-B276-4866-8D6C-7DFCDA39E51E}.Debug|Any CPU.ActiveCfg = Debug|Any CPU
		{C8F48428-B276-4866-8D6C-7DFCDA39E51E}.Debug|Any CPU.Build.0 = Debug|Any CPU
		{C8F48428-B276-4866-8D6C-7DFCDA39E51E}.Release|Any CPU.ActiveCfg = Release|Any CPU
		{C8F48428-B276-4866-8D6C-7DFCDA39E51E}.Release|Any CPU.Build.0 = Release|Any CPU
		{320AC3D2-EA33-4EDB-9D4C-2983D904A17F}.Debug|Any CPU.ActiveCfg = Debug|Any CPU
		{320AC3D2-EA33-4EDB-9D4C-2983D904A17F}.Debug|Any CPU.Build.0 = Debug|Any CPU
		{320AC3D2-EA33-4EDB-9D4C-2983D904A17F}.Release|Any CPU.ActiveCfg = Release|Any CPU
		{320AC3D2-EA33-4EDB-9D4C-2983D904A17F}.Release|Any CPU.Build.0 = Release|Any CPU
	EndGlobalSection
	GlobalSection(SolutionProperties) = preSolution
		HideSolutionNode = FALSE
	EndGlobalSection
	GlobalSection(ExtensibilityGlobals) = postSolution
		SolutionGuid = {C90C54E9-E137-4823-B84A-AC26EA0B233D}
	EndGlobalSection
EndGlobal
